// !$*UTF8*$!
{
	archiveVersion = 1;
	classes = {
	};
	objectVersion = 55;
	objects = {

/* Begin PBXBuildFile section */
		DCECF41E287B1FC300E6362C /* tlv_digitelApp.swift in Sources */ = {isa = PBXBuildFile; fileRef = DCECF41D287B1FC300E6362C /* tlv_digitelApp.swift */; };
		DCECF420287B1FC300E6362C /* ContentView.swift in Sources */ = {isa = PBXBuildFile; fileRef = DCECF41F287B1FC300E6362C /* ContentView.swift */; };
		DCECF422287B1FC400E6362C /* Assets.xcassets in Resources */ = {isa = PBXBuildFile; fileRef = DCECF421287B1FC400E6362C /* Assets.xcassets */; };
		DCECF425287B1FC400E6362C /* Preview Assets.xcassets in Resources */ = {isa = PBXBuildFile; fileRef = DCECF424287B1FC400E6362C /* Preview Assets.xcassets */; };
		DCECF42E287B23AA00E6362C /* LoginView.swift in Sources */ = {isa = PBXBuildFile; fileRef = DCECF42D287B23AA00E6362C /* LoginView.swift */; };
		DCECF431287B251300E6362C /* HomeView.swift in Sources */ = {isa = PBXBuildFile; fileRef = DCECF430287B251300E6362C /* HomeView.swift */; };
		DCECF433287B258100E6362C /* DeeplinkManager.swift in Sources */ = {isa = PBXBuildFile; fileRef = DCECF432287B258100E6362C /* DeeplinkManager.swift */; };
		DCECF439287C725B00E6362C /* JWTDecode in Frameworks */ = {isa = PBXBuildFile; productRef = DCECF438287C725B00E6362C /* JWTDecode */; };
		DCECF43B287C915300E6362C /* CustomTextfield.swift in Sources */ = {isa = PBXBuildFile; fileRef = DCECF43A287C915300E6362C /* CustomTextfield.swift */; };
/* End PBXBuildFile section */

/* Begin PBXFileReference section */
		DCECF41A287B1FC300E6362C /* tlv.digitel.app */ = {isa = PBXFileReference; explicitFileType = wrapper.application; includeInIndex = 0; path = tlv.digitel.app; sourceTree = BUILT_PRODUCTS_DIR; };
		DCECF41D287B1FC300E6362C /* tlv_digitelApp.swift */ = {isa = PBXFileReference; lastKnownFileType = sourcecode.swift; path = tlv_digitelApp.swift; sourceTree = "<group>"; };
		DCECF41F287B1FC300E6362C /* ContentView.swift */ = {isa = PBXFileReference; lastKnownFileType = sourcecode.swift; path = ContentView.swift; sourceTree = "<group>"; };
		DCECF421287B1FC400E6362C /* Assets.xcassets */ = {isa = PBXFileReference; lastKnownFileType = folder.assetcatalog; path = Assets.xcassets; sourceTree = "<group>"; };
		DCECF424287B1FC400E6362C /* Preview Assets.xcassets */ = {isa = PBXFileReference; lastKnownFileType = folder.assetcatalog; path = "Preview Assets.xcassets"; sourceTree = "<group>"; };
		DCECF42B287B1FD700E6362C /* tlv-digitel-Info.plist */ = {isa = PBXFileReference; lastKnownFileType = text.plist; path = "tlv-digitel-Info.plist"; sourceTree = SOURCE_ROOT; };
		DCECF42D287B23AA00E6362C /* LoginView.swift */ = {isa = PBXFileReference; lastKnownFileType = sourcecode.swift; path = LoginView.swift; sourceTree = "<group>"; };
		DCECF430287B251300E6362C /* HomeView.swift */ = {isa = PBXFileReference; lastKnownFileType = sourcecode.swift; path = HomeView.swift; sourceTree = "<group>"; };
		DCECF432287B258100E6362C /* DeeplinkManager.swift */ = {isa = PBXFileReference; lastKnownFileType = sourcecode.swift; path = DeeplinkManager.swift; sourceTree = "<group>"; };
		DCECF43A287C915300E6362C /* CustomTextfield.swift */ = {isa = PBXFileReference; lastKnownFileType = sourcecode.swift; path = CustomTextfield.swift; sourceTree = "<group>"; };
/* End PBXFileReference section */

/* Begin PBXFrameworksBuildPhase section */
		DCECF417287B1FC300E6362C /* Frameworks */ = {
			isa = PBXFrameworksBuildPhase;
			buildActionMask = 2147483647;
			files = (
				DCECF439287C725B00E6362C /* JWTDecode in Frameworks */,
			);
			runOnlyForDeploymentPostprocessing = 0;
		};
/* End PBXFrameworksBuildPhase section */

/* Begin PBXGroup section */
		DCECF411287B1FC300E6362C = {
			isa = PBXGroup;
			children = (
				DCECF41C287B1FC300E6362C /* tlv.digitel */,
				DCECF41B287B1FC300E6362C /* Products */,
			);
			sourceTree = "<group>";
		};
		DCECF41B287B1FC300E6362C /* Products */ = {
			isa = PBXGroup;
			children = (
				DCECF41A287B1FC300E6362C /* tlv.digitel.app */,
			);
			name = Products;
			sourceTree = "<group>";
		};
		DCECF41C287B1FC300E6362C /* tlv.digitel */ = {
			isa = PBXGroup;
			children = (
				DCECF42F287B247200E6362C /* Views */,
				DCECF42B287B1FD700E6362C /* tlv-digitel-Info.plist */,
				DCECF41D287B1FC300E6362C /* tlv_digitelApp.swift */,
				DCECF41F287B1FC300E6362C /* ContentView.swift */,
				DCECF421287B1FC400E6362C /* Assets.xcassets */,
				DCECF423287B1FC400E6362C /* Preview Content */,
				DCECF432287B258100E6362C /* DeeplinkManager.swift */,
			);
			path = tlv.digitel;
			sourceTree = "<group>";
		};
		DCECF423287B1FC400E6362C /* Preview Content */ = {
			isa = PBXGroup;
			children = (
				DCECF424287B1FC400E6362C /* Preview Assets.xcassets */,
			);
			path = "Preview Content";
			sourceTree = "<group>";
		};
		DCECF42F287B247200E6362C /* Views */ = {
			isa = PBXGroup;
			children = (
				DCECF42D287B23AA00E6362C /* LoginView.swift */,
				DCECF430287B251300E6362C /* HomeView.swift */,
				DCECF43A287C915300E6362C /* CustomTextfield.swift */,
			);
			name = Views;
			sourceTree = "<group>";
		};
/* End PBXGroup section */

/* Begin PBXNativeTarget section */
		DCECF419287B1FC300E6362C /* tlv.digitel */ = {
			isa = PBXNativeTarget;
			buildConfigurationList = DCECF428287B1FC400E6362C /* Build configuration list for PBXNativeTarget "tlv.digitel" */;
			buildPhases = (
				DCECF416287B1FC300E6362C /* Sources */,
				DCECF417287B1FC300E6362C /* Frameworks */,
				DCECF418287B1FC300E6362C /* Resources */,
			);
			buildRules = (
			);
			dependencies = (
			);
			name = tlv.digitel;
			packageProductDependencies = (
				DCECF438287C725B00E6362C /* JWTDecode */,
			);
			productName = tlv.digitel;
			productReference = DCECF41A287B1FC300E6362C /* tlv.digitel.app */;
			productType = "com.apple.product-type.application";
		};
/* End PBXNativeTarget section */

/* Begin PBXProject section */
		DCECF412287B1FC300E6362C /* Project object */ = {
			isa = PBXProject;
			attributes = {
				BuildIndependentTargetsInParallel = 1;
				LastSwiftUpdateCheck = 1340;
				LastUpgradeCheck = 1340;
				TargetAttributes = {
					DCECF419287B1FC300E6362C = {
						CreatedOnToolsVersion = 13.4.1;
					};
				};
			};
			buildConfigurationList = DCECF415287B1FC300E6362C /* Build configuration list for PBXProject "tlv.digitel" */;
			compatibilityVersion = "Xcode 13.0";
			developmentRegion = en;
			hasScannedForEncodings = 0;
			knownRegions = (
				en,
				Base,
			);
			mainGroup = DCECF411287B1FC300E6362C;
			packageReferences = (
				DCECF437287C725A00E6362C /* XCRemoteSwiftPackageReference "JWTDecode.swift" */,
			);
			productRefGroup = DCECF41B287B1FC300E6362C /* Products */;
			projectDirPath = "";
			projectRoot = "";
			targets = (
				DCECF419287B1FC300E6362C /* tlv.digitel */,
			);
		};
/* End PBXProject section */

/* Begin PBXResourcesBuildPhase section */
		DCECF418287B1FC300E6362C /* Resources */ = {
			isa = PBXResourcesBuildPhase;
			buildActionMask = 2147483647;
			files = (
				DCECF425287B1FC400E6362C /* Preview Assets.xcassets in Resources */,
				DCECF422287B1FC400E6362C /* Assets.xcassets in Resources */,
			);
			runOnlyForDeploymentPostprocessing = 0;
		};
/* End PBXResourcesBuildPhase section */

/* Begin PBXSourcesBuildPhase section */
		DCECF416287B1FC300E6362C /* Sources */ = {
			isa = PBXSourcesBuildPhase;
			buildActionMask = 2147483647;
			files = (
				DCECF42E287B23AA00E6362C /* LoginView.swift in Sources */,
				DCECF431287B251300E6362C /* HomeView.swift in Sources */,
				DCECF43B287C915300E6362C /* CustomTextfield.swift in Sources */,
				DCECF420287B1FC300E6362C /* ContentView.swift in Sources */,
				DCECF433287B258100E6362C /* DeeplinkManager.swift in Sources */,
				DCECF41E287B1FC300E6362C /* tlv_digitelApp.swift in Sources */,
			);
			runOnlyForDeploymentPostprocessing = 0;
		};
/* End PBXSourcesBuildPhase section */

/* Begin XCBuildConfiguration section */
		DCECF426287B1FC400E6362C /* Debug */ = {
			isa = XCBuildConfiguration;
			buildSettings = {
				ALWAYS_SEARCH_USER_PATHS = NO;
				CLANG_ANALYZER_NONNULL = YES;
				CLANG_ANALYZER_NUMBER_OBJECT_CONVERSION = YES_AGGRESSIVE;
				CLANG_CXX_LANGUAGE_STANDARD = "gnu++17";
				CLANG_ENABLE_MODULES = YES;
				CLANG_ENABLE_OBJC_ARC = YES;
				CLANG_ENABLE_OBJC_WEAK = YES;
				CLANG_WARN_BLOCK_CAPTURE_AUTORELEASING = YES;
				CLANG_WARN_BOOL_CONVERSION = YES;
				CLANG_WARN_COMMA = YES;
				CLANG_WARN_CONSTANT_CONVERSION = YES;
				CLANG_WARN_DEPRECATED_OBJC_IMPLEMENTATIONS = YES;
				CLANG_WARN_DIRECT_OBJC_ISA_USAGE = YES_ERROR;
				CLANG_WARN_DOCUMENTATION_COMMENTS = YES;
				CLANG_WARN_EMPTY_BODY = YES;
				CLANG_WARN_ENUM_CONVERSION = YES;
				CLANG_WARN_INFINITE_RECURSION = YES;
				CLANG_WARN_INT_CONVERSION = YES;
				CLANG_WARN_NON_LITERAL_NULL_CONVERSION = YES;
				CLANG_WARN_OBJC_IMPLICIT_RETAIN_SELF = YES;
				CLANG_WARN_OBJC_LITERAL_CONVERSION = YES;
				CLANG_WARN_OBJC_ROOT_CLASS = YES_ERROR;
				CLANG_WARN_QUOTED_INCLUDE_IN_FRAMEWORK_HEADER = YES;
				CLANG_WARN_RANGE_LOOP_ANALYSIS = YES;
				CLANG_WARN_STRICT_PROTOTYPES = YES;
				CLANG_WARN_SUSPICIOUS_MOVE = YES;
				CLANG_WARN_UNGUARDED_AVAILABILITY = YES_AGGRESSIVE;
				CLANG_WARN_UNREACHABLE_CODE = YES;
				CLANG_WARN__DUPLICATE_METHOD_MATCH = YES;
				COPY_PHASE_STRIP = NO;
				DEBUG_INFORMATION_FORMAT = dwarf;
				ENABLE_STRICT_OBJC_MSGSEND = YES;
				ENABLE_TESTABILITY = YES;
				GCC_C_LANGUAGE_STANDARD = gnu11;
				GCC_DYNAMIC_NO_PIC = NO;
				GCC_NO_COMMON_BLOCKS = YES;
				GCC_OPTIMIZATION_LEVEL = 0;
				GCC_PREPROCESSOR_DEFINITIONS = (
					"DEBUG=1",
					"$(inherited)",
				);
				GCC_WARN_64_TO_32_BIT_CONVERSION = YES;
				GCC_WARN_ABOUT_RETURN_TYPE = YES_ERROR;
				GCC_WARN_UNDECLARED_SELECTOR = YES;
				GCC_WARN_UNINITIALIZED_AUTOS = YES_AGGRESSIVE;
				GCC_WARN_UNUSED_FUNCTION = YES;
				GCC_WARN_UNUSED_VARIABLE = YES;
				IPHONEOS_DEPLOYMENT_TARGET = 15.5;
				MTL_ENABLE_DEBUG_INFO = INCLUDE_SOURCE;
				MTL_FAST_MATH = YES;
				ONLY_ACTIVE_ARCH = YES;
				SDKROOT = iphoneos;
				SWIFT_ACTIVE_COMPILATION_CONDITIONS = DEBUG;
				SWIFT_OPTIMIZATION_LEVEL = "-Onone";
			};
			name = Debug;
		};
		DCECF427287B1FC400E6362C /* Release */ = {
			isa = XCBuildConfiguration;
			buildSettings = {
				ALWAYS_SEARCH_USER_PATHS = NO;
				CLANG_ANALYZER_NONNULL = YES;
				CLANG_ANALYZER_NUMBER_OBJECT_CONVERSION = YES_AGGRESSIVE;
				CLANG_CXX_LANGUAGE_STANDARD = "gnu++17";
				CLANG_ENABLE_MODULES = YES;
				CLANG_ENABLE_OBJC_ARC = YES;
				CLANG_ENABLE_OBJC_WEAK = YES;
				CLANG_WARN_BLOCK_CAPTURE_AUTORELEASING = YES;
				CLANG_WARN_BOOL_CONVERSION = YES;
				CLANG_WARN_COMMA = YES;
				CLANG_WARN_CONSTANT_CONVERSION = YES;
				CLANG_WARN_DEPRECATED_OBJC_IMPLEMENTATIONS = YES;
				CLANG_WARN_DIRECT_OBJC_ISA_USAGE = YES_ERROR;
				CLANG_WARN_DOCUMENTATION_COMMENTS = YES;
				CLANG_WARN_EMPTY_BODY = YES;
				CLANG_WARN_ENUM_CONVERSION = YES;
				CLANG_WARN_INFINITE_RECURSION = YES;
				CLANG_WARN_INT_CONVERSION = YES;
				CLANG_WARN_NON_LITERAL_NULL_CONVERSION = YES;
				CLANG_WARN_OBJC_IMPLICIT_RETAIN_SELF = YES;
				CLANG_WARN_OBJC_LITERAL_CONVERSION = YES;
				CLANG_WARN_OBJC_ROOT_CLASS = YES_ERROR;
				CLANG_WARN_QUOTED_INCLUDE_IN_FRAMEWORK_HEADER = YES;
				CLANG_WARN_RANGE_LOOP_ANALYSIS = YES;
				CLANG_WARN_STRICT_PROTOTYPES = YES;
				CLANG_WARN_SUSPICIOUS_MOVE = YES;
				CLANG_WARN_UNGUARDED_AVAILABILITY = YES_AGGRESSIVE;
				CLANG_WARN_UNREACHABLE_CODE = YES;
				CLANG_WARN__DUPLICATE_METHOD_MATCH = YES;
				COPY_PHASE_STRIP = NO;
				DEBUG_INFORMATION_FORMAT = "dwarf-with-dsym";
				ENABLE_NS_ASSERTIONS = NO;
				ENABLE_STRICT_OBJC_MSGSEND = YES;
				GCC_C_LANGUAGE_STANDARD = gnu11;
				GCC_NO_COMMON_BLOCKS = YES;
				GCC_WARN_64_TO_32_BIT_CONVERSION = YES;
				GCC_WARN_ABOUT_RETURN_TYPE = YES_ERROR;
				GCC_WARN_UNDECLARED_SELECTOR = YES;
				GCC_WARN_UNINITIALIZED_AUTOS = YES_AGGRESSIVE;
				GCC_WARN_UNUSED_FUNCTION = YES;
				GCC_WARN_UNUSED_VARIABLE = YES;
				IPHONEOS_DEPLOYMENT_TARGET = 15.5;
				MTL_ENABLE_DEBUG_INFO = NO;
				MTL_FAST_MATH = YES;
				SDKROOT = iphoneos;
				SWIFT_COMPILATION_MODE = wholemodule;
				SWIFT_OPTIMIZATION_LEVEL = "-O";
				VALIDATE_PRODUCT = YES;
			};
			name = Release;
		};
		DCECF429287B1FC400E6362C /* Debug */ = {
			isa = XCBuildConfiguration;
			buildSettings = {
				ASSETCATALOG_COMPILER_APPICON_NAME = AppIcon;
				ASSETCATALOG_COMPILER_GLOBAL_ACCENT_COLOR_NAME = AccentColor;
				CODE_SIGN_STYLE = Automatic;
				CURRENT_PROJECT_VERSION = 1;
				DEVELOPMENT_ASSET_PATHS = "\"tlv.digitel/Preview Content\"";
				DEVELOPMENT_TEAM = GX7N6F8DFJ;
				ENABLE_PREVIEWS = YES;
				GENERATE_INFOPLIST_FILE = YES;
				INFOPLIST_FILE = "tlv-digitel-Info.plist";
				INFOPLIST_KEY_UIApplicationSceneManifest_Generation = YES;
				INFOPLIST_KEY_UIApplicationSupportsIndirectInputEvents = YES;
				INFOPLIST_KEY_UILaunchScreen_Generation = YES;
				INFOPLIST_KEY_UISupportedInterfaceOrientations_iPad = "UIInterfaceOrientationPortrait UIInterfaceOrientationPortraitUpsideDown UIInterfaceOrientationLandscapeLeft UIInterfaceOrientationLandscapeRight";
				INFOPLIST_KEY_UISupportedInterfaceOrientations_iPhone = "UIInterfaceOrientationPortrait UIInterfaceOrientationLandscapeLeft UIInterfaceOrientationLandscapeRight";
				LD_RUNPATH_SEARCH_PATHS = (
					"$(inherited)",
					"@executable_path/Frameworks",
				);
				MARKETING_VERSION = 1.0;
				PRODUCT_BUNDLE_IDENTIFIER = "---.tlv-digitel";
				PRODUCT_NAME = "$(TARGET_NAME)";
				SWIFT_EMIT_LOC_STRINGS = YES;
				SWIFT_VERSION = 5.0;
				TARGETED_DEVICE_FAMILY = "1,2";
			};
			name = Debug;
		};
		DCECF42A287B1FC400E6362C /* Release */ = {
			isa = XCBuildConfiguration;
			buildSettings = {
				ASSETCATALOG_COMPILER_APPICON_NAME = AppIcon;
				ASSETCATALOG_COMPILER_GLOBAL_ACCENT_COLOR_NAME = AccentColor;
				CODE_SIGN_STYLE = Automatic;
				CURRENT_PROJECT_VERSION = 1;
				DEVELOPMENT_ASSET_PATHS = "\"tlv.digitel/Preview Content\"";
				DEVELOPMENT_TEAM = GX7N6F8DFJ;
				ENABLE_PREVIEWS = YES;
				GENERATE_INFOPLIST_FILE = YES;
				INFOPLIST_FILE = "tlv-digitel-Info.plist";
				INFOPLIST_KEY_UIApplicationSceneManifest_Generation = YES;
				INFOPLIST_KEY_UIApplicationSupportsIndirectInputEvents = YES;
				INFOPLIST_KEY_UILaunchScreen_Generation = YES;
				INFOPLIST_KEY_UISupportedInterfaceOrientations_iPad = "UIInterfaceOrientationPortrait UIInterfaceOrientationPortraitUpsideDown UIInterfaceOrientationLandscapeLeft UIInterfaceOrientationLandscapeRight";
				INFOPLIST_KEY_UISupportedInterfaceOrientations_iPhone = "UIInterfaceOrientationPortrait UIInterfaceOrientationLandscapeLeft UIInterfaceOrientationLandscapeRight";
				LD_RUNPATH_SEARCH_PATHS = (
					"$(inherited)",
					"@executable_path/Frameworks",
				);
				MARKETING_VERSION = 1.0;
				PRODUCT_BUNDLE_IDENTIFIER = "---.tlv-digitel";
				PRODUCT_NAME = "$(TARGET_NAME)";
				SWIFT_EMIT_LOC_STRINGS = YES;
				SWIFT_VERSION = 5.0;
				TARGETED_DEVICE_FAMILY = "1,2";
			};
			name = Release;
		};
/* End XCBuildConfiguration section */

/* Begin XCConfigurationList section */
		DCECF415287B1FC300E6362C /* Build configuration list for PBXProject "tlv.digitel" */ = {
			isa = XCConfigurationList;
			buildConfigurations = (
				DCECF426287B1FC400E6362C /* Debug */,
				DCECF427287B1FC400E6362C /* Release */,
			);
			defaultConfigurationIsVisible = 0;
			defaultConfigurationName = Release;
		};
		DCECF428287B1FC400E6362C /* Build configuration list for PBXNativeTarget "tlv.digitel" */ = {
			isa = XCConfigurationList;
			buildConfigurations = (
				DCECF429287B1FC400E6362C /* Debug */,
				DCECF42A287B1FC400E6362C /* Release */,
			);
			defaultConfigurationIsVisible = 0;
			defaultConfigurationName = Release;
		};
/* End XCConfigurationList section */

/* Begin XCRemoteSwiftPackageReference section */
		DCECF437287C725A00E6362C /* XCRemoteSwiftPackageReference "JWTDecode.swift" */ = {
			isa = XCRemoteSwiftPackageReference;
			repositoryURL = "https://github.com/auth0/JWTDecode.swift.git";
			requirement = {
				kind = upToNextMajorVersion;
				minimumVersion = 2.0.0;
			};
		};
/* End XCRemoteSwiftPackageReference section */

/* Begin XCSwiftPackageProductDependency section */
		DCECF438287C725B00E6362C /* JWTDecode */ = {
			isa = XCSwiftPackageProductDependency;
			package = DCECF437287C725A00E6362C /* XCRemoteSwiftPackageReference "JWTDecode.swift" */;
			productName = JWTDecode;
		};
/* End XCSwiftPackageProductDependency section */
	};
	rootObject = DCECF412287B1FC300E6362C /* Project object */;
}
